// !$*UTF8*$!
{
	archiveVersion = 1;
	classes = {
	};
	objectVersion = 50;
	objects = {

/* Begin PBXBuildFile section */
		00B0137F2189809E009EB603 /* AppDelegate.m in Sources */ = {isa = PBXBuildFile; fileRef = 00B0137E2189809E009EB603 /* AppDelegate.m */; };
		00B013822189809E009EB603 /* ViewController.m in Sources */ = {isa = PBXBuildFile; fileRef = 00B013812189809E009EB603 /* ViewController.m */; };
		00B013852189809E009EB603 /* Main.storyboard in Resources */ = {isa = PBXBuildFile; fileRef = 00B013832189809E009EB603 /* Main.storyboard */; };
		00B01387218980A0009EB603 /* Assets.xcassets in Resources */ = {isa = PBXBuildFile; fileRef = 00B01386218980A0009EB603 /* Assets.xcassets */; };
		00B0138A218980A0009EB603 /* LaunchScreen.storyboard in Resources */ = {isa = PBXBuildFile; fileRef = 00B01388218980A0009EB603 /* LaunchScreen.storyboard */; };
		00B0138D218980A0009EB603 /* main.m in Sources */ = {isa = PBXBuildFile; fileRef = 00B0138C218980A0009EB603 /* main.m */; };
/* End PBXBuildFile section */

/* Begin PBXFileReference section */
		00B0137A2189809E009EB603 /* 深浅copy.app */ = {isa = PBXFileReference; explicitFileType = wrapper.application; includeInIndex = 0; path = "深浅copy.app"; sourceTree = BUILT_PRODUCTS_DIR; };
		00B0137D2189809E009EB603 /* AppDelegate.h */ = {isa = PBXFileReference; lastKnownFileType = sourcecode.c.h; path = AppDelegate.h; sourceTree = "<group>"; };
		00B0137E2189809E009EB603 /* AppDelegate.m */ = {isa = PBXFileReference; lastKnownFileType = sourcecode.c.objc; path = AppDelegate.m; sourceTree = "<group>"; };
		00B013802189809E009EB603 /* ViewController.h */ = {isa = PBXFileReference; lastKnownFileType = sourcecode.c.h; path = ViewController.h; sourceTree = "<group>"; };
		00B013812189809E009EB603 /* ViewController.m */ = {isa = PBXFileReference; lastKnownFileType = sourcecode.c.objc; path = ViewController.m; sourceTree = "<group>"; };
		00B013842189809E009EB603 /* Base */ = {isa = PBXFileReference; lastKnownFileType = file.storyboard; name = Base; path = Base.lproj/Main.storyboard; sourceTree = "<group>"; };
		00B01386218980A0009EB603 /* Assets.xcassets */ = {isa = PBXFileReference; lastKnownFileType = folder.assetcatalog; path = Assets.xcassets; sourceTree = "<group>"; };
		00B01389218980A0009EB603 /* Base */ = {isa = PBXFileReference; lastKnownFileType = file.storyboard; name = Base; path = Base.lproj/LaunchScreen.storyboard; sourceTree = "<group>"; };
		00B0138B218980A0009EB603 /* Info.plist */ = {isa = PBXFileReference; lastKnownFileType = text.plist.xml; path = Info.plist; sourceTree = "<group>"; };
		00B0138C218980A0009EB603 /* main.m */ = {isa = PBXFileReference; lastKnownFileType = sourcecode.c.objc; path = main.m; sourceTree = "<group>"; };
/* End PBXFileReference section */

/* Begin PBXFrameworksBuildPhase section */
		00B013772189809E009EB603 /* Frameworks */ = {
			isa = PBXFrameworksBuildPhase;
			buildActionMask = 2147483647;
			files = (
			);
			runOnlyForDeploymentPostprocessing = 0;
		};
/* End PBXFrameworksBuildPhase section */

/* Begin PBXGroup section */
		00B013712189809E009EB603 = {
			isa = PBXGroup;
			children = (
				00B0137C2189809E009EB603 /* 深浅copy */,
				00B0137B2189809E009EB603 /* Products */,
			);
			sourceTree = "<group>";
		};
		00B0137B2189809E009EB603 /* Products */ = {
			isa = PBXGroup;
			children = (
				00B0137A2189809E009EB603 /* 深浅copy.app */,
			);
			name = Products;
			sourceTree = "<group>";
		};
		00B0137C2189809E009EB603 /* 深浅copy */ = {
			isa = PBXGroup;
			children = (
				00B0137D2189809E009EB603 /* AppDelegate.h */,
				00B0137E2189809E009EB603 /* AppDelegate.m */,
				00B013802189809E009EB603 /* ViewController.h */,
				00B013812189809E009EB603 /* ViewController.m */,
				00B013832189809E009EB603 /* Main.storyboard */,
				00B01386218980A0009EB603 /* Assets.xcassets */,
				00B01388218980A0009EB603 /* LaunchScreen.storyboard */,
				00B0138B218980A0009EB603 /* Info.plist */,
				00B0138C218980A0009EB603 /* main.m */,
			);
			path = "深浅copy";
			sourceTree = "<group>";
		};
/* End PBXGroup section */

/* Begin PBXNativeTarget section */
		00B013792189809E009EB603 /* 深浅copy */ = {
			isa = PBXNativeTarget;
			buildConfigurationList = 00B01390218980A0009EB603 /* Build configuration list for PBXNativeTarget "深浅copy" */;
			buildPhases = (
				00B013762189809E009EB603 /* Sources */,
				00B013772189809E009EB603 /* Frameworks */,
				00B013782189809E009EB603 /* Resources */,
			);
			buildRules = (
			);
			dependencies = (
			);
			name = "深浅copy";
			productName = "深浅copy";
			productReference = 00B0137A2189809E009EB603 /* 深浅copy.app */;
			productType = "com.apple.product-type.application";
		};
/* End PBXNativeTarget section */

/* Begin PBXProject section */
		00B013722189809E009EB603 /* Project object */ = {
			isa = PBXProject;
			attributes = {
				LastUpgradeCheck = 0940;
				ORGANIZATIONNAME = JeffreyTaiT;
				TargetAttributes = {
					00B013792189809E009EB603 = {
						CreatedOnToolsVersion = 9.4.1;
					};
				};
			};
			buildConfigurationList = 00B013752189809E009EB603 /* Build configuration list for PBXProject "深浅copy" */;
			compatibilityVersion = "Xcode 9.3";
			developmentRegion = en;
			hasScannedForEncodings = 0;
			knownRegions = (
				en,
				Base,
			);
			mainGroup = 00B013712189809E009EB603;
			productRefGroup = 00B0137B2189809E009EB603 /* Products */;
			projectDirPath = "";
			projectRoot = "";
			targets = (
				00B013792189809E009EB603 /* 深浅copy */,
			);
		};
/* End PBXProject section */

/* Begin PBXResourcesBuildPhase section */
		00B013782189809E009EB603 /* Resources */ = {
			isa = PBXResourcesBuildPhase;
			buildActionMask = 2147483647;
			files = (
				00B0138A218980A0009EB603 /* LaunchScreen.storyboard in Resources */,
				00B01387218980A0009EB603 /* Assets.xcassets in Resources */,
				00B013852189809E009EB603 /* Main.storyboard in Resources */,
			);
			runOnlyForDeploymentPostprocessing = 0;
		};
/* End PBXResourcesBuildPhase section */

/* Begin PBXSourcesBuildPhase section */
		00B013762189809E009EB603 /* Sources */ = {
			isa = PBXSourcesBuildPhase;
			buildActionMask = 2147483647;
			files = (
				00B013822189809E009EB603 /* ViewController.m in Sources */,
				00B0138D218980A0009EB603 /* main.m in Sources */,
				00B0137F2189809E009EB603 /* AppDelegate.m in Sources */,
			);
			runOnlyForDeploymentPostprocessing = 0;
		};
/* End PBXSourcesBuildPhase section */

/* Begin PBXVariantGroup section */
		00B013832189809E009EB603 /* Main.storyboard */ = {
			isa = PBXVariantGroup;
			children = (
				00B013842189809E009EB603 /* Base */,
			);
			name = Main.storyboard;
			sourceTree = "<group>";
		};
		00B01388218980A0009EB603 /* LaunchScreen.storyboard */ = {
			isa = PBXVariantGroup;
			children = (
				00B01389218980A0009EB603 /* Base */,
			);
			name = LaunchScreen.storyboard;
			sourceTree = "<group>";
		};
/* End PBXVariantGroup section */

/* Begin XCBuildConfiguration section */
		00B0138E218980A0009EB603 /* Debug */ = {
			isa = XCBuildConfiguration;
			buildSettings = {
				ALWAYS_SEARCH_USER_PATHS = NO;
				CLANG_ANALYZER_NONNULL = YES;
				CLANG_ANALYZER_NUMBER_OBJECT_CONVERSION = YES_AGGRESSIVE;
				CLANG_CXX_LANGUAGE_STANDARD = "gnu++14";
				CLANG_CXX_LIBRARY = "libc++";
				CLANG_ENABLE_MODULES = YES;
				CLANG_ENABLE_OBJC_ARC = YES;
				CLANG_ENABLE_OBJC_WEAK = YES;
				CLANG_WARN_BLOCK_CAPTURE_AUTORELEASING = YES;
				CLANG_WARN_BOOL_CONVERSION = YES;
				CLANG_WARN_COMMA = YES;
				CLANG_WARN_CONSTANT_CONVERSION = YES;
				CLANG_WARN_DEPRECATED_OBJC_IMPLEMENTATIONS = YES;
				CLANG_WARN_DIRECT_OBJC_ISA_USAGE = YES_ERROR;
				CLANG_WARN_DOCUMENTATION_COMMENTS = YES;
				CLANG_WARN_EMPTY_BODY = YES;
				CLANG_WARN_ENUM_CONVERSION = YES;
				CLANG_WARN_INFINITE_RECURSION = YES;
				CLANG_WARN_INT_CONVERSION = YES;
				CLANG_WARN_NON_LITERAL_NULL_CONVERSION = YES;
				CLANG_WARN_OBJC_IMPLICIT_RETAIN_SELF = YES;
				CLANG_WARN_OBJC_LITERAL_CONVERSION = YES;
				CLANG_WARN_OBJC_ROOT_CLASS = YES_ERROR;
				CLANG_WARN_RANGE_LOOP_ANALYSIS = YES;
				CLANG_WARN_STRICT_PROTOTYPES = YES;
				CLANG_WARN_SUSPICIOUS_MOVE = YES;
				CLANG_WARN_UNGUARDED_AVAILABILITY = YES_AGGRESSIVE;
				CLANG_WARN_UNREACHABLE_CODE = YES;
				CLANG_WARN__DUPLICATE_METHOD_MATCH = YES;
				CODE_SIGN_IDENTITY = "iPhone Developer";
				COPY_PHASE_STRIP = NO;
				DEBUG_INFORMATION_FORMAT = dwarf;
				ENABLE_STRICT_OBJC_MSGSEND = YES;
				ENABLE_TESTABILITY = YES;
				GCC_C_LANGUAGE_STANDARD = gnu11;
				GCC_DYNAMIC_NO_PIC = NO;
				GCC_NO_COMMON_BLOCKS = YES;
				GCC_OPTIMIZATION_LEVEL = 0;
				GCC_PREPROCESSOR_DEFINITIONS = (
					"DEBUG=1",
					"$(inherited)",
				);
				GCC_WARN_64_TO_32_BIT_CONVERSION = YES;
				GCC_WARN_ABOUT_RETURN_TYPE = YES_ERROR;
				GCC_WARN_UNDECLARED_SELECTOR = YES;
				GCC_WARN_UNINITIALIZED_AUTOS = YES_AGGRESSIVE;
				GCC_WARN_UNUSED_FUNCTION = YES;
				GCC_WARN_UNUSED_VARIABLE = YES;
				IPHONEOS_DEPLOYMENT_TARGET = 11.4;
				MTL_ENABLE_DEBUG_INFO = YES;
				ONLY_ACTIVE_ARCH = YES;
				SDKROOT = iphoneos;
			};
			name = Debug;
		};
		00B0138F218980A0009EB603 /* Release */ = {
			isa = XCBuildConfiguration;
			buildSettings = {
				ALWAYS_SEARCH_USER_PATHS = NO;
				CLANG_ANALYZER_NONNULL = YES;
				CLANG_ANALYZER_NUMBER_OBJECT_CONVERSION = YES_AGGRESSIVE;
				CLANG_CXX_LANGUAGE_STANDARD = "gnu++14";
				CLANG_CXX_LIBRARY = "libc++";
				CLANG_ENABLE_MODULES = YES;
				CLANG_ENABLE_OBJC_ARC = YES;
				CLANG_ENABLE_OBJC_WEAK = YES;
				CLANG_WARN_BLOCK_CAPTURE_AUTORELEASING = YES;
				CLANG_WARN_BOOL_CONVERSION = YES;
				CLANG_WARN_COMMA = YES;
				CLANG_WARN_CONSTANT_CONVERSION = YES;
				CLANG_WARN_DEPRECATED_OBJC_IMPLEMENTATIONS = YES;
				CLANG_WARN_DIRECT_OBJC_ISA_USAGE = YES_ERROR;
				CLANG_WARN_DOCUMENTATION_COMMENTS = YES;
				CLANG_WARN_EMPTY_BODY = YES;
				CLANG_WARN_ENUM_CONVERSION = YES;
				CLANG_WARN_INFINITE_RECURSION = YES;
				CLANG_WARN_INT_CONVERSION = YES;
				CLANG_WARN_NON_LITERAL_NULL_CONVERSION = YES;
				CLANG_WARN_OBJC_IMPLICIT_RETAIN_SELF = YES;
				CLANG_WARN_OBJC_LITERAL_CONVERSION = YES;
				CLANG_WARN_OBJC_ROOT_CLASS = YES_ERROR;
				CLANG_WARN_RANGE_LOOP_ANALYSIS = YES;
				CLANG_WARN_STRICT_PROTOTYPES = YES;
				CLANG_WARN_SUSPICIOUS_MOVE = YES;
				CLANG_WARN_UNGUARDED_AVAILABILITY = YES_AGGRESSIVE;
				CLANG_WARN_UNREACHABLE_CODE = YES;
				CLANG_WARN__DUPLICATE_METHOD_MATCH = YES;
				CODE_SIGN_IDENTITY = "iPhone Developer";
				COPY_PHASE_STRIP = NO;
				DEBUG_INFORMATION_FORMAT = "dwarf-with-dsym";
				ENABLE_NS_ASSERTIONS = NO;
				ENABLE_STRICT_OBJC_MSGSEND = YES;
				GCC_C_LANGUAGE_STANDARD = gnu11;
				GCC_NO_COMMON_BLOCKS = YES;
				GCC_WARN_64_TO_32_BIT_CONVERSION = YES;
				GCC_WARN_ABOUT_RETURN_TYPE = YES_ERROR;
				GCC_WARN_UNDECLARED_SELECTOR = YES;
				GCC_WARN_UNINITIALIZED_AUTOS = YES_AGGRESSIVE;
				GCC_WARN_UNUSED_FUNCTION = YES;
				GCC_WARN_UNUSED_VARIABLE = YES;
				IPHONEOS_DEPLOYMENT_TARGET = 11.4;
				MTL_ENABLE_DEBUG_INFO = NO;
				SDKROOT = iphoneos;
				VALIDATE_PRODUCT = YES;
			};
			name = Release;
		};
		00B01391218980A0009EB603 /* Debug */ = {
			isa = XCBuildConfiguration;
			buildSettings = {
				ASSETCATALOG_COMPILER_APPICON_NAME = AppIcon;
				CODE_SIGN_STYLE = Automatic;
				DEVELOPMENT_TEAM = UWQPN2RE82;
				INFOPLIST_FILE = "深浅copy/Info.plist";
				LD_RUNPATH_SEARCH_PATHS = (
					"$(inherited)",
					"@executable_path/Frameworks",
				);
				PRODUCT_BUNDLE_IDENTIFIER = "cn.medsci..--copy";
				PRODUCT_NAME = "$(TARGET_NAME)";
				TARGETED_DEVICE_FAMILY = "1,2";
			};
			name = Debug;
		};
		00B01392218980A0009EB603 /* Release */ = {
			isa = XCBuildConfiguration;
			buildSettings = {
				ASSETCATALOG_COMPILER_APPICON_NAME = AppIcon;
				CODE_SIGN_STYLE = Automatic;
				DEVELOPMENT_TEAM = UWQPN2RE82;
				INFOPLIST_FILE = "深浅copy/Info.plist";
				LD_RUNPATH_SEARCH_PATHS = (
					"$(inherited)",
					"@executable_path/Frameworks",
				);
				PRODUCT_BUNDLE_IDENTIFIER = "cn.medsci..--copy";
				PRODUCT_NAME = "$(TARGET_NAME)";
				TARGETED_DEVICE_FAMILY = "1,2";
			};
			name = Release;
		};
/* End XCBuildConfiguration section */

/* Begin XCConfigurationList section */
		00B013752189809E009EB603 /* Build configuration list for PBXProject "深浅copy" */ = {
			isa = XCConfigurationList;
			buildConfigurations = (
				00B0138E218980A0009EB603 /* Debug */,
				00B0138F218980A0009EB603 /* Release */,
			);
			defaultConfigurationIsVisible = 0;
			defaultConfigurationName = Release;
		};
		00B01390218980A0009EB603 /* Build configuration list for PBXNativeTarget "深浅copy" */ = {
			isa = XCConfigurationList;
			buildConfigurations = (
				00B01391218980A0009EB603 /* Debug */,
				00B01392218980A0009EB603 /* Release */,
			);
			defaultConfigurationIsVisible = 0;
			defaultConfigurationName = Release;
		};
/* End XCConfigurationList section */
	};
	rootObject = 00B013722189809E009EB603 /* Project object */;
}
